
Microsoft Visual Studio Solution File, Format Version 12.00
# Visual Studio Version 17
VisualStudioVersion = 17.11.35208.52
MinimumVisualStudioVersion = 10.0.40219.1
Project("{FAE04EC0-301F-11D3-BF4B-00C04F79EFBC}") = "Printers", "Printers.csproj", "{5888D496-2905-4C99-863B-7BA45FA25353}"
EndProject
Global
	GlobalSection(SolutionConfigurationPlatforms) = preSolution
		Debug|Any CPU = Debug|Any CPU
		Release|Any CPU = Release|Any CPU
	EndGlobalSection
	GlobalSection(ProjectConfigurationPlatforms) = postSolution
		{5888D496-2905-4C99-863B-7BA45FA25353}.Debug|Any CPU.ActiveCfg = Debug|Any CPU
		{5888D496-2905-4C99-863B-7BA45FA25353}.Debug|Any CPU.Build.0 = Debug|Any CPU
		{5888D496-2905-4C99-863B-7BA45FA25353}.Release|Any CPU.ActiveCfg = Release|Any CPU
		{5888D496-2905-4C99-863B-7BA45FA25353}.Release|Any CPU.Build.0 = Release|Any CPU
	EndGlobalSection
	GlobalSection(SolutionProperties) = preSolution
		HideSolutionNode = FALSE
	EndGlobalSection
	GlobalSection(ExtensibilityGlobals) = postSolution
		SolutionGuid = {6C165DFB-F8B5-418A-9A4B-94BD3F71D173}
	EndGlobalSection
EndGlobal
