
Microsoft Visual Studio Solution File, Format Version 12.00
# Visual Studio Version 17
VisualStudioVersion = 17.10.34928.147
MinimumVisualStudioVersion = 10.0.40219.1
Project("{9A19103F-16F7-4668-BE54-9A1E7A4F7556}") = "Points", "Points.csproj", "{EAF0357C-CFAE-40C4-9CED-7CD47ECDEC69}"
EndProject
Global
	GlobalSection(SolutionConfigurationPlatforms) = preSolution
		Debug|Any CPU = Debug|Any CPU
		Release|Any CPU = Release|Any CPU
	EndGlobalSection
	GlobalSection(ProjectConfigurationPlatforms) = postSolution
		{EAF0357C-CFAE-40C4-9CED-7CD47ECDEC69}.Debug|Any CPU.ActiveCfg = Debug|Any CPU
		{EAF0357C-CFAE-40C4-9CED-7CD47ECDEC69}.Debug|Any CPU.Build.0 = Debug|Any CPU
		{EAF0357C-CFAE-40C4-9CED-7CD47ECDEC69}.Release|Any CPU.ActiveCfg = Release|Any CPU
		{EAF0357C-CFAE-40C4-9CED-7CD47ECDEC69}.Release|Any CPU.Build.0 = Release|Any CPU
	EndGlobalSection
	GlobalSection(SolutionProperties) = preSolution
		HideSolutionNode = FALSE
	EndGlobalSection
	GlobalSection(ExtensibilityGlobals) = postSolution
		SolutionGuid = {362E9EF6-200E-4E54-918D-D9BDA4110CB4}
	EndGlobalSection
EndGlobal
